
Microsoft Visual Studio Solution File, Format Version 12.00
# Visual Studio Version 16
VisualStudioVersion = 16.0.30225.117
MinimumVisualStudioVersion = 10.0.40219.1
Project("{2150E333-8FDC-42A3-9474-1A3956D46DE8}") = "StormLib", "StormLib", "{D3438659-A558-4A8F-B474-338EC211A98A}"
EndProject
Project("{FAE04EC0-301F-11D3-BF4B-00C04F79EFBC}") = "StormLibSharp", "stormlibsharp\src\StormLibSharp\StormLibSharp.csproj", "{D0139C61-6BA0-4F07-B1E8-551023CD2624}"
EndProject
Project("{9A19103F-16F7-4668-BE54-9A1E7A4F7556}") = "MapPublishingApp", "MapPublishingApp\MapPublishingApp.csproj", "{6E587F67-51A3-4BAB-A96D-A8909B91F7A7}"
EndProject
Global
	GlobalSection(SolutionConfigurationPlatforms) = preSolution
		Debug|Any CPU = Debug|Any CPU
		Debug|x64 = Debug|x64
		Debug|x86 = Debug|x86
		DebugAD|Any CPU = DebugAD|Any CPU
		DebugAD|x64 = DebugAD|x64
		DebugAD|x86 = DebugAD|x86
		DebugAS|Any CPU = DebugAS|Any CPU
		DebugAS|x64 = DebugAS|x64
		DebugAS|x86 = DebugAS|x86
		DebugUD|Any CPU = DebugUD|Any CPU
		DebugUD|x64 = DebugUD|x64
		DebugUD|x86 = DebugUD|x86
		DebugUS|Any CPU = DebugUS|Any CPU
		DebugUS|x64 = DebugUS|x64
		DebugUS|x86 = DebugUS|x86
		Release|Any CPU = Release|Any CPU
		Release|x64 = Release|x64
		Release|x86 = Release|x86
		ReleaseAD|Any CPU = ReleaseAD|Any CPU
		ReleaseAD|x64 = ReleaseAD|x64
		ReleaseAD|x86 = ReleaseAD|x86
		ReleaseAS|Any CPU = ReleaseAS|Any CPU
		ReleaseAS|x64 = ReleaseAS|x64
		ReleaseAS|x86 = ReleaseAS|x86
		ReleaseUD|Any CPU = ReleaseUD|Any CPU
		ReleaseUD|x64 = ReleaseUD|x64
		ReleaseUD|x86 = ReleaseUD|x86
		ReleaseUS|Any CPU = ReleaseUS|Any CPU
		ReleaseUS|x64 = ReleaseUS|x64
		ReleaseUS|x86 = ReleaseUS|x86
	EndGlobalSection
	GlobalSection(ProjectConfigurationPlatforms) = postSolution
		{D0139C61-6BA0-4F07-B1E8-551023CD2624}.Debug|Any CPU.ActiveCfg = Debug|Any CPU
		{D0139C61-6BA0-4F07-B1E8-551023CD2624}.Debug|Any CPU.Build.0 = Debug|Any CPU
		{D0139C61-6BA0-4F07-B1E8-551023CD2624}.Debug|x64.ActiveCfg = Debug|Any CPU
		{D0139C61-6BA0-4F07-B1E8-551023CD2624}.Debug|x64.Build.0 = Debug|Any CPU
		{D0139C61-6BA0-4F07-B1E8-551023CD2624}.Debug|x86.ActiveCfg = Debug|Any CPU
		{D0139C61-6BA0-4F07-B1E8-551023CD2624}.Debug|x86.Build.0 = Debug|Any CPU
		{D0139C61-6BA0-4F07-B1E8-551023CD2624}.DebugAD|Any CPU.ActiveCfg = Debug|Any CPU
		{D0139C61-6BA0-4F07-B1E8-551023CD2624}.DebugAD|Any CPU.Build.0 = Debug|Any CPU
		{D0139C61-6BA0-4F07-B1E8-551023CD2624}.DebugAD|x64.ActiveCfg = Debug|Any CPU
		{D0139C61-6BA0-4F07-B1E8-551023CD2624}.DebugAD|x64.Build.0 = Debug|Any CPU
		{D0139C61-6BA0-4F07-B1E8-551023CD2624}.DebugAD|x86.ActiveCfg = Debug|Any CPU
		{D0139C61-6BA0-4F07-B1E8-551023CD2624}.DebugAD|x86.Build.0 = Debug|Any CPU
		{D0139C61-6BA0-4F07-B1E8-551023CD2624}.DebugAS|Any CPU.ActiveCfg = Debug|Any CPU
		{D0139C61-6BA0-4F07-B1E8-551023CD2624}.DebugAS|Any CPU.Build.0 = Debug|Any CPU
		{D0139C61-6BA0-4F07-B1E8-551023CD2624}.DebugAS|x64.ActiveCfg = Debug|Any CPU
		{D0139C61-6BA0-4F07-B1E8-551023CD2624}.DebugAS|x64.Build.0 = Debug|Any CPU
		{D0139C61-6BA0-4F07-B1E8-551023CD2624}.DebugAS|x86.ActiveCfg = Debug|Any CPU
		{D0139C61-6BA0-4F07-B1E8-551023CD2624}.DebugAS|x86.Build.0 = Debug|Any CPU
		{D0139C61-6BA0-4F07-B1E8-551023CD2624}.DebugUD|Any CPU.ActiveCfg = Debug|Any CPU
		{D0139C61-6BA0-4F07-B1E8-551023CD2624}.DebugUD|Any CPU.Build.0 = Debug|Any CPU
		{D0139C61-6BA0-4F07-B1E8-551023CD2624}.DebugUD|x64.ActiveCfg = Debug|Any CPU
		{D0139C61-6BA0-4F07-B1E8-551023CD2624}.DebugUD|x64.Build.0 = Debug|Any CPU
		{D0139C61-6BA0-4F07-B1E8-551023CD2624}.DebugUD|x86.ActiveCfg = Debug|Any CPU
		{D0139C61-6BA0-4F07-B1E8-551023CD2624}.DebugUD|x86.Build.0 = Debug|Any CPU
		{D0139C61-6BA0-4F07-B1E8-551023CD2624}.DebugUS|Any CPU.ActiveCfg = Debug|Any CPU
		{D0139C61-6BA0-4F07-B1E8-551023CD2624}.DebugUS|Any CPU.Build.0 = Debug|Any CPU
		{D0139C61-6BA0-4F07-B1E8-551023CD2624}.DebugUS|x64.ActiveCfg = Debug|Any CPU
		{D0139C61-6BA0-4F07-B1E8-551023CD2624}.DebugUS|x64.Build.0 = Debug|Any CPU
		{D0139C61-6BA0-4F07-B1E8-551023CD2624}.DebugUS|x86.ActiveCfg = Debug|Any CPU
		{D0139C61-6BA0-4F07-B1E8-551023CD2624}.DebugUS|x86.Build.0 = Debug|Any CPU
		{D0139C61-6BA0-4F07-B1E8-551023CD2624}.Release|Any CPU.ActiveCfg = Release|Any CPU
		{D0139C61-6BA0-4F07-B1E8-551023CD2624}.Release|Any CPU.Build.0 = Release|Any CPU
		{D0139C61-6BA0-4F07-B1E8-551023CD2624}.Release|x64.ActiveCfg = Release|Any CPU
		{D0139C61-6BA0-4F07-B1E8-551023CD2624}.Release|x64.Build.0 = Release|Any CPU
		{D0139C61-6BA0-4F07-B1E8-551023CD2624}.Release|x86.ActiveCfg = Release|Any CPU
		{D0139C61-6BA0-4F07-B1E8-551023CD2624}.Release|x86.Build.0 = Release|Any CPU
		{D0139C61-6BA0-4F07-B1E8-551023CD2624}.ReleaseAD|Any CPU.ActiveCfg = Release|Any CPU
		{D0139C61-6BA0-4F07-B1E8-551023CD2624}.ReleaseAD|Any CPU.Build.0 = Release|Any CPU
		{D0139C61-6BA0-4F07-B1E8-551023CD2624}.ReleaseAD|x64.ActiveCfg = Release|Any CPU
		{D0139C61-6BA0-4F07-B1E8-551023CD2624}.ReleaseAD|x64.Build.0 = Release|Any CPU
		{D0139C61-6BA0-4F07-B1E8-551023CD2624}.ReleaseAD|x86.ActiveCfg = Release|Any CPU
		{D0139C61-6BA0-4F07-B1E8-551023CD2624}.ReleaseAD|x86.Build.0 = Release|Any CPU
		{D0139C61-6BA0-4F07-B1E8-551023CD2624}.ReleaseAS|Any CPU.ActiveCfg = Release|Any CPU
		{D0139C61-6BA0-4F07-B1E8-551023CD2624}.ReleaseAS|Any CPU.Build.0 = Release|Any CPU
		{D0139C61-6BA0-4F07-B1E8-551023CD2624}.ReleaseAS|x64.ActiveCfg = Release|Any CPU
		{D0139C61-6BA0-4F07-B1E8-551023CD2624}.ReleaseAS|x64.Build.0 = Release|Any CPU
		{D0139C61-6BA0-4F07-B1E8-551023CD2624}.ReleaseAS|x86.ActiveCfg = Release|Any CPU
		{D0139C61-6BA0-4F07-B1E8-551023CD2624}.ReleaseAS|x86.Build.0 = Release|Any CPU
		{D0139C61-6BA0-4F07-B1E8-551023CD2624}.ReleaseUD|Any CPU.ActiveCfg = Release|Any CPU
		{D0139C61-6BA0-4F07-B1E8-551023CD2624}.ReleaseUD|Any CPU.Build.0 = Release|Any CPU
		{D0139C61-6BA0-4F07-B1E8-551023CD2624}.ReleaseUD|x64.ActiveCfg = Release|Any CPU
		{D0139C61-6BA0-4F07-B1E8-551023CD2624}.ReleaseUD|x64.Build.0 = Release|Any CPU
		{D0139C61-6BA0-4F07-B1E8-551023CD2624}.ReleaseUD|x86.ActiveCfg = Release|Any CPU
		{D0139C61-6BA0-4F07-B1E8-551023CD2624}.ReleaseUD|x86.Build.0 = Release|Any CPU
		{D0139C61-6BA0-4F07-B1E8-551023CD2624}.ReleaseUS|Any CPU.ActiveCfg = Release|Any CPU
		{D0139C61-6BA0-4F07-B1E8-551023CD2624}.ReleaseUS|Any CPU.Build.0 = Release|Any CPU
		{D0139C61-6BA0-4F07-B1E8-551023CD2624}.ReleaseUS|x64.ActiveCfg = Release|Any CPU
		{D0139C61-6BA0-4F07-B1E8-551023CD2624}.ReleaseUS|x64.Build.0 = Release|Any CPU
		{D0139C61-6BA0-4F07-B1E8-551023CD2624}.ReleaseUS|x86.ActiveCfg = Release|Any CPU
		{D0139C61-6BA0-4F07-B1E8-551023CD2624}.ReleaseUS|x86.Build.0 = Release|Any CPU
		{6E587F67-51A3-4BAB-A96D-A8909B91F7A7}.Debug|Any CPU.ActiveCfg = Debug|Any CPU
		{6E587F67-51A3-4BAB-A96D-A8909B91F7A7}.Debug|Any CPU.Build.0 = Debug|Any CPU
		{6E587F67-51A3-4BAB-A96D-A8909B91F7A7}.Debug|x64.ActiveCfg = Debug|Any CPU
		{6E587F67-51A3-4BAB-A96D-A8909B91F7A7}.Debug|x64.Build.0 = Debug|Any CPU
		{6E587F67-51A3-4BAB-A96D-A8909B91F7A7}.Debug|x86.ActiveCfg = Debug|x86
		{6E587F67-51A3-4BAB-A96D-A8909B91F7A7}.Debug|x86.Build.0 = Debug|x86
		{6E587F67-51A3-4BAB-A96D-A8909B91F7A7}.DebugAD|Any CPU.ActiveCfg = Debug|Any CPU
		{6E587F67-51A3-4BAB-A96D-A8909B91F7A7}.DebugAD|Any CPU.Build.0 = Debug|Any CPU
		{6E587F67-51A3-4BAB-A96D-A8909B91F7A7}.DebugAD|x64.ActiveCfg = Debug|Any CPU
		{6E587F67-51A3-4BAB-A96D-A8909B91F7A7}.DebugAD|x64.Build.0 = Debug|Any CPU
		{6E587F67-51A3-4BAB-A96D-A8909B91F7A7}.DebugAD|x86.ActiveCfg = Debug|Any CPU
		{6E587F67-51A3-4BAB-A96D-A8909B91F7A7}.DebugAD|x86.Build.0 = Debug|Any CPU
		{6E587F67-51A3-4BAB-A96D-A8909B91F7A7}.DebugAS|Any CPU.ActiveCfg = Debug|Any CPU
		{6E587F67-51A3-4BAB-A96D-A8909B91F7A7}.DebugAS|Any CPU.Build.0 = Debug|Any CPU
		{6E587F67-51A3-4BAB-A96D-A8909B91F7A7}.DebugAS|x64.ActiveCfg = Debug|Any CPU
		{6E587F67-51A3-4BAB-A96D-A8909B91F7A7}.DebugAS|x64.Build.0 = Debug|Any CPU
		{6E587F67-51A3-4BAB-A96D-A8909B91F7A7}.DebugAS|x86.ActiveCfg = Debug|Any CPU
		{6E587F67-51A3-4BAB-A96D-A8909B91F7A7}.DebugAS|x86.Build.0 = Debug|Any CPU
		{6E587F67-51A3-4BAB-A96D-A8909B91F7A7}.DebugUD|Any CPU.ActiveCfg = Debug|Any CPU
		{6E587F67-51A3-4BAB-A96D-A8909B91F7A7}.DebugUD|Any CPU.Build.0 = Debug|Any CPU
		{6E587F67-51A3-4BAB-A96D-A8909B91F7A7}.DebugUD|x64.ActiveCfg = Debug|Any CPU
		{6E587F67-51A3-4BAB-A96D-A8909B91F7A7}.DebugUD|x64.Build.0 = Debug|Any CPU
		{6E587F67-51A3-4BAB-A96D-A8909B91F7A7}.DebugUD|x86.ActiveCfg = Debug|Any CPU
		{6E587F67-51A3-4BAB-A96D-A8909B91F7A7}.DebugUD|x86.Build.0 = Debug|Any CPU
		{6E587F67-51A3-4BAB-A96D-A8909B91F7A7}.DebugUS|Any CPU.ActiveCfg = Debug|Any CPU
		{6E587F67-51A3-4BAB-A96D-A8909B91F7A7}.DebugUS|Any CPU.Build.0 = Debug|Any CPU
		{6E587F67-51A3-4BAB-A96D-A8909B91F7A7}.DebugUS|x64.ActiveCfg = Debug|Any CPU
		{6E587F67-51A3-4BAB-A96D-A8909B91F7A7}.DebugUS|x64.Build.0 = Debug|Any CPU
		{6E587F67-51A3-4BAB-A96D-A8909B91F7A7}.DebugUS|x86.ActiveCfg = Debug|Any CPU
		{6E587F67-51A3-4BAB-A96D-A8909B91F7A7}.DebugUS|x86.Build.0 = Debug|Any CPU
		{6E587F67-51A3-4BAB-A96D-A8909B91F7A7}.Release|Any CPU.ActiveCfg = Release|Any CPU
		{6E587F67-51A3-4BAB-A96D-A8909B91F7A7}.Release|Any CPU.Build.0 = Release|Any CPU
		{6E587F67-51A3-4BAB-A96D-A8909B91F7A7}.Release|x64.ActiveCfg = Release|Any CPU
		{6E587F67-51A3-4BAB-A96D-A8909B91F7A7}.Release|x64.Build.0 = Release|Any CPU
		{6E587F67-51A3-4BAB-A96D-A8909B91F7A7}.Release|x86.ActiveCfg = Release|Any CPU
		{6E587F67-51A3-4BAB-A96D-A8909B91F7A7}.Release|x86.Build.0 = Release|Any CPU
		{6E587F67-51A3-4BAB-A96D-A8909B91F7A7}.ReleaseAD|Any CPU.ActiveCfg = Release|Any CPU
		{6E587F67-51A3-4BAB-A96D-A8909B91F7A7}.ReleaseAD|Any CPU.Build.0 = Release|Any CPU
		{6E587F67-51A3-4BAB-A96D-A8909B91F7A7}.ReleaseAD|x64.ActiveCfg = Release|Any CPU
		{6E587F67-51A3-4BAB-A96D-A8909B91F7A7}.ReleaseAD|x64.Build.0 = Release|Any CPU
		{6E587F67-51A3-4BAB-A96D-A8909B91F7A7}.ReleaseAD|x86.ActiveCfg = Release|Any CPU
		{6E587F67-51A3-4BAB-A96D-A8909B91F7A7}.ReleaseAD|x86.Build.0 = Release|Any CPU
		{6E587F67-51A3-4BAB-A96D-A8909B91F7A7}.ReleaseAS|Any CPU.ActiveCfg = Release|Any CPU
		{6E587F67-51A3-4BAB-A96D-A8909B91F7A7}.ReleaseAS|Any CPU.Build.0 = Release|Any CPU
		{6E587F67-51A3-4BAB-A96D-A8909B91F7A7}.ReleaseAS|x64.ActiveCfg = Release|Any CPU
		{6E587F67-51A3-4BAB-A96D-A8909B91F7A7}.ReleaseAS|x64.Build.0 = Release|Any CPU
		{6E587F67-51A3-4BAB-A96D-A8909B91F7A7}.ReleaseAS|x86.ActiveCfg = Release|Any CPU
		{6E587F67-51A3-4BAB-A96D-A8909B91F7A7}.ReleaseAS|x86.Build.0 = Release|Any CPU
		{6E587F67-51A3-4BAB-A96D-A8909B91F7A7}.ReleaseUD|Any CPU.ActiveCfg = Release|Any CPU
		{6E587F67-51A3-4BAB-A96D-A8909B91F7A7}.ReleaseUD|Any CPU.Build.0 = Release|Any CPU
		{6E587F67-51A3-4BAB-A96D-A8909B91F7A7}.ReleaseUD|x64.ActiveCfg = Release|Any CPU
		{6E587F67-51A3-4BAB-A96D-A8909B91F7A7}.ReleaseUD|x64.Build.0 = Release|Any CPU
		{6E587F67-51A3-4BAB-A96D-A8909B91F7A7}.ReleaseUD|x86.ActiveCfg = Release|Any CPU
		{6E587F67-51A3-4BAB-A96D-A8909B91F7A7}.ReleaseUD|x86.Build.0 = Release|Any CPU
		{6E587F67-51A3-4BAB-A96D-A8909B91F7A7}.ReleaseUS|Any CPU.ActiveCfg = Release|Any CPU
		{6E587F67-51A3-4BAB-A96D-A8909B91F7A7}.ReleaseUS|Any CPU.Build.0 = Release|Any CPU
		{6E587F67-51A3-4BAB-A96D-A8909B91F7A7}.ReleaseUS|x64.ActiveCfg = Release|Any CPU
		{6E587F67-51A3-4BAB-A96D-A8909B91F7A7}.ReleaseUS|x64.Build.0 = Release|Any CPU
		{6E587F67-51A3-4BAB-A96D-A8909B91F7A7}.ReleaseUS|x86.ActiveCfg = Release|Any CPU
		{6E587F67-51A3-4BAB-A96D-A8909B91F7A7}.ReleaseUS|x86.Build.0 = Release|Any CPU
	EndGlobalSection
	GlobalSection(SolutionProperties) = preSolution
		HideSolutionNode = FALSE
	EndGlobalSection
	GlobalSection(NestedProjects) = preSolution
		{D0139C61-6BA0-4F07-B1E8-551023CD2624} = {D3438659-A558-4A8F-B474-338EC211A98A}
	EndGlobalSection
	GlobalSection(ExtensibilityGlobals) = postSolution
		SolutionGuid = {9577FA88-5E16-46E9-AE00-E28FBD4DB317}
	EndGlobalSection
EndGlobal
